
Microsoft Visual Studio Solution File, Format Version 12.00
# Visual Studio 15
VisualStudioVersion = 15.0.28307.106
MinimumVisualStudioVersion = 10.0.40219.1
Project("{9A19103F-16F7-4668-BE54-9A1E7A4F7556}") = "HashExemple", "HashExemple\HashExemple.csproj", "{479CF2A4-DB82-458A-AD5D-6F17739D014A}"
EndProject
Project("{E53339B2-1760-4266-BCC7-CA923CBCF16C}") = "docker-compose", "docker-compose.dcproj", "{F55AC4F1-8F5A-4217-9722-C424A041FB31}"
EndProject
Global
	GlobalSection(SolutionConfigurationPlatforms) = preSolution
		Debug|Any CPU = Debug|Any CPU
		Release|Any CPU = Release|Any CPU
	EndGlobalSection
	GlobalSection(ProjectConfigurationPlatforms) = postSolution
		{479CF2A4-DB82-458A-AD5D-6F17739D014A}.Debug|Any CPU.ActiveCfg = Debug|Any CPU
		{479CF2A4-DB82-458A-AD5D-6F17739D014A}.Debug|Any CPU.Build.0 = Debug|Any CPU
		{479CF2A4-DB82-458A-AD5D-6F17739D014A}.Release|Any CPU.ActiveCfg = Release|Any CPU
		{479CF2A4-DB82-458A-AD5D-6F17739D014A}.Release|Any CPU.Build.0 = Release|Any CPU
		{F55AC4F1-8F5A-4217-9722-C424A041FB31}.Debug|Any CPU.ActiveCfg = Debug|Any CPU
		{F55AC4F1-8F5A-4217-9722-C424A041FB31}.Debug|Any CPU.Build.0 = Debug|Any CPU
		{F55AC4F1-8F5A-4217-9722-C424A041FB31}.Release|Any CPU.ActiveCfg = Release|Any CPU
		{F55AC4F1-8F5A-4217-9722-C424A041FB31}.Release|Any CPU.Build.0 = Release|Any CPU
	EndGlobalSection
	GlobalSection(SolutionProperties) = preSolution
		HideSolutionNode = FALSE
	EndGlobalSection
	GlobalSection(ExtensibilityGlobals) = postSolution
		SolutionGuid = {ADCAFD28-D43A-4CAF-9D9B-349C86486166}
	EndGlobalSection
EndGlobal
